
Microsoft Visual Studio Solution File, Format Version 12.00
# Visual Studio Version 17
VisualStudioVersion = 17.11.35312.102
MinimumVisualStudioVersion = 10.0.40219.1
Project("{FAE04EC0-301F-11D3-BF4B-00C04F79EFBC}") = "ProductCatalogApp", "ProductCatalogApp\ProductCatalogApp.csproj", "{D54B4E11-840D-44B0-8520-F6E001E3C434}"
EndProject
Global
	GlobalSection(SolutionConfigurationPlatforms) = preSolution
		Debug|Any CPU = Debug|Any CPU
		Release|Any CPU = Release|Any CPU
	EndGlobalSection
	GlobalSection(ProjectConfigurationPlatforms) = postSolution
		{D54B4E11-840D-44B0-8520-F6E001E3C434}.Debug|Any CPU.ActiveCfg = Debug|Any CPU
		{D54B4E11-840D-44B0-8520-F6E001E3C434}.Debug|Any CPU.Build.0 = Debug|Any CPU
		{D54B4E11-840D-44B0-8520-F6E001E3C434}.Release|Any CPU.ActiveCfg = Release|Any CPU
		{D54B4E11-840D-44B0-8520-F6E001E3C434}.Release|Any CPU.Build.0 = Release|Any CPU
	EndGlobalSection
	GlobalSection(SolutionProperties) = preSolution
		HideSolutionNode = FALSE
	EndGlobalSection
	GlobalSection(ExtensibilityGlobals) = postSolution
		SolutionGuid = {9EED5775-FA5F-48E2-B44E-0E9279CEE352}
	EndGlobalSection
EndGlobal
